
Microsoft Visual Studio Solution File, Format Version 12.00
# Visual Studio Version 17
VisualStudioVersion = 17.2.32519.379
MinimumVisualStudioVersion = 10.0.40219.1
Project("{FAE04EC0-301F-11D3-BF4B-00C04F79EFBC}") = "VariablesExcercise", "VariablesExcercise\VariablesExcercise.csproj", "{FBD47E9C-9ABF-48B1-9C66-7F833F21162D}"
EndProject
Global
	GlobalSection(SolutionConfigurationPlatforms) = preSolution
		Debug|Any CPU = Debug|Any CPU
		Release|Any CPU = Release|Any CPU
	EndGlobalSection
	GlobalSection(ProjectConfigurationPlatforms) = postSolution
		{FBD47E9C-9ABF-48B1-9C66-7F833F21162D}.Debug|Any CPU.ActiveCfg = Debug|Any CPU
		{FBD47E9C-9ABF-48B1-9C66-7F833F21162D}.Debug|Any CPU.Build.0 = Debug|Any CPU
		{FBD47E9C-9ABF-48B1-9C66-7F833F21162D}.Release|Any CPU.ActiveCfg = Release|Any CPU
		{FBD47E9C-9ABF-48B1-9C66-7F833F21162D}.Release|Any CPU.Build.0 = Release|Any CPU
	EndGlobalSection
	GlobalSection(SolutionProperties) = preSolution
		HideSolutionNode = FALSE
	EndGlobalSection
	GlobalSection(ExtensibilityGlobals) = postSolution
		SolutionGuid = {25D1363E-F868-403A-9DAB-5D0B03A02BE8}
	EndGlobalSection
EndGlobal
